
Microsoft Visual Studio Solution File, Format Version 12.00
# Visual Studio Version 17
VisualStudioVersion = 17.1.32407.343
MinimumVisualStudioVersion = 10.0.40219.1
Project("{2150E333-8FDC-42A3-9474-1A3956D46DE8}") = "22.高级线程处理", "22.高级线程处理", "{16D0C456-A4E1-4D9A-8390-39E6658B3C5B}"
EndProject
Project("{2150E333-8FDC-42A3-9474-1A3956D46DE8}") = "23.并行编程", "23.并行编程", "{82ED8F70-866E-4BBD-AB78-FA9F68769FF9}"
EndProject
Project("{FAE04EC0-301F-11D3-BF4B-00C04F79EFBC}") = "ConsoleApp2", "ConsoleApp2\ConsoleApp2.csproj", "{021418A5-C052-4017-8C41-B5031B3AAC57}"
EndProject
Project("{2150E333-8FDC-42A3-9474-1A3956D46DE8}") = "08.Linq查询", "08.Linq查询", "{F52DE3FD-BFEC-41FC-A5AA-E8EF2A7F7B4C}"
EndProject
Project("{FAE04EC0-301F-11D3-BF4B-00C04F79EFBC}") = "MyLinq", "MyLinq\MyLinq.csproj", "{6C1E071E-4CD8-4BA1-8A3F-3861D00E84A1}"
EndProject
Project("{FAE04EC0-301F-11D3-BF4B-00C04F79EFBC}") = "01.AsyncThreadMethod", "MyAsyncThread\01.AsyncThreadMethod.csproj", "{AF4B0B5C-E717-4A87-AC9A-FD894969B554}"
EndProject
Project("{FAE04EC0-301F-11D3-BF4B-00C04F79EFBC}") = "Ruanmou.Advaned.Lottery", "Ruanmou.Advaned.Lottery\Ruanmou.Advaned.Lottery.csproj", "{9432B102-550C-45AE-B2C8-A309B2A655EC}"
EndProject
Project("{FAE04EC0-301F-11D3-BF4B-00C04F79EFBC}") = "ConsoleApp1", "ConsoleApp1\ConsoleApp1.csproj", "{D714F734-38D3-4AD8-9451-32E1B7D1715E}"
EndProject
Project("{FAE04EC0-301F-11D3-BF4B-00C04F79EFBC}") = "ConsoleApp3", "ConsoleApp3\ConsoleApp3.csproj", "{B9D34526-7D80-4EDE-A99B-294194D8554E}"
EndProject
Project("{FAE04EC0-301F-11D3-BF4B-00C04F79EFBC}") = "ConsoleApp", "ConsoleApp\ConsoleApp.csproj", "{E0391131-40F4-4FA4-BE5F-5E9B61B6184E}"
EndProject
Project("{2150E333-8FDC-42A3-9474-1A3956D46DE8}") = "通用辅助类", "通用辅助类", "{539A7260-DF0F-4A63-9CFF-B27E81E9FDE4}"
EndProject
Project("{FAE04EC0-301F-11D3-BF4B-00C04F79EFBC}") = "Common", "Common\Common.csproj", "{0C586118-8848-4EAF-B13A-C14D5EE0BA3A}"
EndProject
Project("{2150E333-8FDC-42A3-9474-1A3956D46DE8}") = "09.Linq运算符", "09.Linq运算符", "{92356EC1-F528-49D1-9970-3D6F85CF3123}"
EndProject
Project("{FAE04EC0-301F-11D3-BF4B-00C04F79EFBC}") = "MyLiinqOperators", "MyLiinqOperators\MyLiinqOperators.csproj", "{BB31F544-66FE-499F-9B47-41473BC7A3A9}"
EndProject
Project("{FAE04EC0-301F-11D3-BF4B-00C04F79EFBC}") = "LinqDBModel", "LinqDBModel\LinqDBModel.csproj", "{00C752A3-39DF-4134-9B9C-010CE3427FA7}"
EndProject
Project("{2150E333-8FDC-42A3-9474-1A3956D46DE8}") = "10.Linq to XML", "10.Linq to XML", "{FD2F5436-34EC-4FCF-812D-F1A3859AE105}"
EndProject
Project("{FAE04EC0-301F-11D3-BF4B-00C04F79EFBC}") = "MyLinqToXML", "MyLinqToXML\MyLinqToXML.csproj", "{06BFB6B3-1691-4B5A-B78A-75EAD773B86F}"
EndProject
Project("{FAE04EC0-301F-11D3-BF4B-00C04F79EFBC}") = "[01] Exclusive Locking", "[01] Exclusive Locking\[01] Exclusive Locking.csproj", "{F334B1C0-40C5-440E-8F74-6A764FC62B65}"
EndProject
Project("{FAE04EC0-301F-11D3-BF4B-00C04F79EFBC}") = "[02] Locking and Thread Safety", "[02] Locking and Thread Safety\[02] Locking and Thread Safety.csproj", "{AC7704DD-4E2C-409C-BD11-11898BB93F3E}"
EndProject
Project("{FAE04EC0-301F-11D3-BF4B-00C04F79EFBC}") = "[05] Signaling with Event Wait Handles", "[05] Signaling with Event Wait Handles\[05] Signaling with Event Wait Handles.csproj", "{C3BB501E-CD1F-4A43-83F7-24B1EAD79374}"
EndProject
Project("{FAE04EC0-301F-11D3-BF4B-00C04F79EFBC}") = "[10] The Barrier Class", "[10] The Barrier Class\[10] The Barrier Class.csproj", "{B9BC9154-8538-41DD-AAA2-DCC73C930D0E}"
EndProject
Project("{FAE04EC0-301F-11D3-BF4B-00C04F79EFBC}") = "[15] Lazy Initialization", "[15] Lazy Initialization\[15] Lazy Initialization.csproj", "{22F053F3-B2EC-4903-9834-DB1C56C104D3}"
EndProject
Project("{FAE04EC0-301F-11D3-BF4B-00C04F79EFBC}") = "[20] Thread-local Storage", "[20] Thread-local Storage\[20] Thread-local Storage.csproj", "{208AC886-CD81-4016-BCEF-A4C065657982}"
EndProject
Project("{FAE04EC0-301F-11D3-BF4B-00C04F79EFBC}") = "[25] Suspend and Resume", "[25] Suspend and Resume\[25] Suspend and Resume.csproj", "{620284B5-A14B-4DA1-84A9-EE9C73786A69}"
EndProject
Project("{FAE04EC0-301F-11D3-BF4B-00C04F79EFBC}") = "[30] Timers", "[30] Timers\[30] Timers.csproj", "{B4B50A66-1BA9-43EC-8637-30DB7B166607}"
EndProject
Project("{FAE04EC0-301F-11D3-BF4B-00C04F79EFBC}") = "[40] EXTRA - Wait and Pulse", "[40] EXTRA - Wait and Pulse\[40] EXTRA - Wait and Pulse.csproj", "{00D7F12D-9CED-4F36-A72B-4B6BCB931373}"
EndProject
Project("{2150E333-8FDC-42A3-9474-1A3956D46DE8}") = "19.反射和元数据", "19.反射和元数据", "{59F30933-B6E1-4AD8-A360-EA739BDB4243}"
EndProject
Project("{FAE04EC0-301F-11D3-BF4B-00C04F79EFBC}") = "ConsoleApp4", "ConsoleApp4\ConsoleApp4.csproj", "{C659EA2B-20D9-40FB-82A1-2A0F36729358}"
EndProject
Project("{2150E333-8FDC-42A3-9474-1A3956D46DE8}") = "06.框架基础", "06.框架基础", "{72BAC272-1A57-434C-B21E-5F48059EB4FA}"
EndProject
Project("{FAE04EC0-301F-11D3-BF4B-00C04F79EFBC}") = "[01] String and Text Handling", "[01] String and Text Handling\[01] String and Text Handling.csproj", "{A7182B8B-5F7F-44A8-B716-504861F64E8E}"
EndProject
Project("{FAE04EC0-301F-11D3-BF4B-00C04F79EFBC}") = "Debug For 06", "Debug For 06\Debug For 06.csproj", "{154D256D-F3C6-44D5-AB49-B9AEC687EA8E}"
EndProject
Project("{FAE04EC0-301F-11D3-BF4B-00C04F79EFBC}") = "[02] Dates and Times", "[02] Dates and Times\[02] Dates and Times.csproj", "{15F7CBEB-0C69-405E-8F57-C7AEABE18EEC}"
EndProject
Project("{FAE04EC0-301F-11D3-BF4B-00C04F79EFBC}") = "[03] Formatting and Parsing", "[03] Formatting and Parsing\[03] Formatting and Parsing.csproj", "{838FD200-E94D-41E5-BCB0-A3448DBE96D3}"
EndProject
Project("{FAE04EC0-301F-11D3-BF4B-00C04F79EFBC}") = "[04] Coversion Mechanisms", "[04] Coversion Mechanisms\[04] Coversion Mechanisms.csproj", "{137A139D-2D74-49E3-B720-E699712A7138}"
EndProject
Project("{FAE04EC0-301F-11D3-BF4B-00C04F79EFBC}") = "[05] Working with Numbers", "[05] Working with Numbers\[05] Working with Numbers.csproj", "{B70AA676-E805-4B0C-83E7-E7CE8C86B52A}"
EndProject
Project("{FAE04EC0-301F-11D3-BF4B-00C04F79EFBC}") = "[06] Enums", "[06] Enums\[06] Enums.csproj", "{27A7A44F-F7C6-4001-8179-9EFC1505731F}"
EndProject
Project("{FAE04EC0-301F-11D3-BF4B-00C04F79EFBC}") = "[07] The Guid Struct", "[07] The Guid Struct\[07] The Guid Struct.csproj", "{08C13D2C-435C-4835-B371-EF3BCF3CC671}"
EndProject
Project("{FAE04EC0-301F-11D3-BF4B-00C04F79EFBC}") = "[08] Equality Comparison", "[08] Equality Comparison\[08] Equality Comparison.csproj", "{758F947E-0582-49B1-9399-E7E17F9233FE}"
EndProject
Project("{FAE04EC0-301F-11D3-BF4B-00C04F79EFBC}") = "[09] Order Comparison", "[09] Order Comparison\[09] Order Comparison.csproj", "{F34AEF3A-74B1-4746-AE2A-4ED19ED85274}"
EndProject
Project("{2150E333-8FDC-42A3-9474-1A3956D46DE8}") = "07.集合", "07.集合", "{191C4CD9-0E37-485C-84B8-35B9C6197B31}"
EndProject
Project("{FAE04EC0-301F-11D3-BF4B-00C04F79EFBC}") = "[01] Enumeration", "[01] Enumeration\[01] Enumeration.csproj", "{9C45697B-89A5-496A-8799-29F50AA8AA90}"
EndProject
Project("{FAE04EC0-301F-11D3-BF4B-00C04F79EFBC}") = "[02] ICollection and IList", "[01] ICollection and IList\[02] ICollection and IList.csproj", "{C24A0914-4511-4FEE-B16B-D55BED6D804F}"
EndProject
Project("{FAE04EC0-301F-11D3-BF4B-00C04F79EFBC}") = "[03] Arrays", "[03] Arrays\[03] Arrays.csproj", "{DE064CD2-7178-4CC1-B515-06EBB06B5545}"
EndProject
Project("{FAE04EC0-301F-11D3-BF4B-00C04F79EFBC}") = "[04] Lists Queues Stacks and Sets", "[04] Lists Queues Stacks and Sets\[04] Lists Queues Stacks and Sets.csproj", "{1D69348D-E4B6-45AD-86C0-669A100F20EA}"
EndProject
Project("{FAE04EC0-301F-11D3-BF4B-00C04F79EFBC}") = "[05] Dictionaries", "[05] Dictionaries\[05] Dictionaries.csproj", "{693B16F7-1B13-4DC9-9524-A57C38125E24}"
EndProject
Project("{FAE04EC0-301F-11D3-BF4B-00C04F79EFBC}") = "[06] Customizable Collections", "[06] Customizable Collections\[06] Customizable Collections.csproj", "{E23BD462-72C9-4C9A-AFDB-643C749194ED}"
EndProject
Project("{FAE04EC0-301F-11D3-BF4B-00C04F79EFBC}") = "[07] Comparer", "[07] Comparer\[07] Comparer.csproj", "{57F7243C-24E0-4C3A-BFE9-DFF266CC80A8}"
EndProject
Project("{2150E333-8FDC-42A3-9474-1A3956D46DE8}") = "14.并发与异步", "14.并发与异步", "{56D4DCDF-7A04-4C46-912C-7AD14EFE7CF7}"
EndProject
Project("{FAE04EC0-301F-11D3-BF4B-00C04F79EFBC}") = "[01] Threading Basics", "[01] Threading Basics\[01] Threading Basics.csproj", "{FE107EB8-EC86-4D49-BF91-DE81960F3018}"
EndProject
Project("{FAE04EC0-301F-11D3-BF4B-00C04F79EFBC}") = "[02] Tasks", "[02] Tasks\[02] Tasks.csproj", "{ACDA1D49-0B15-4A2E-8A5F-511E45BA4422}"
EndProject
Project("{FAE04EC0-301F-11D3-BF4B-00C04F79EFBC}") = "[03] Principles of Asynchrony", "[03] Principles of Asynchrony\[03] Principles of Asynchrony.csproj", "{1DC16F14-5E58-4D26-8E39-33DFD9C429DB}"
EndProject
Project("{FAE04EC0-301F-11D3-BF4B-00C04F79EFBC}") = "WinFormApp", "WinFormApp\WinFormApp.csproj", "{77142CCA-B743-4899-A44C-24C0E9C1C94D}"
EndProject
Project("{FAE04EC0-301F-11D3-BF4B-00C04F79EFBC}") = "[04] Asynchronous Function", "[04] Asynchronous Function\[04] Asynchronous Function.csproj", "{F5577987-6840-4058-A130-CD32CF4865BC}"
EndProject
Project("{FAE04EC0-301F-11D3-BF4B-00C04F79EFBC}") = "[05] Asynchronous Patters", "[05] Asynchronous Patters\[05] Asynchronous Patters.csproj", "{5335B0DA-EF1C-46CE-9794-4D89CB2F8677}"
EndProject
Project("{FAE04EC0-301F-11D3-BF4B-00C04F79EFBC}") = "[01] PINQ", "[01] PINQ\[01] PINQ.csproj", "{1960122E-5062-404B-B4E6-2D0BC453DA8E}"
EndProject
Project("{FAE04EC0-301F-11D3-BF4B-00C04F79EFBC}") = "[02] Parallel Class", "[02] Parallel Class\[02] Parallel Class.csproj", "{7DE84B41-FB6B-47DF-872C-50FDD37BF54B}"
EndProject
Project("{FAE04EC0-301F-11D3-BF4B-00C04F79EFBC}") = "[03] Task Parallelism", "[03] Task Parallelism\[03] Task Parallelism.csproj", "{6C6B36D9-7C80-4D13-B19A-9E4518089B9E}"
EndProject
Project("{FAE04EC0-301F-11D3-BF4B-00C04F79EFBC}") = "[04] Parallelism Collection", "[04] Parallelism Collection\[04] Parallelism Collection.csproj", "{7ED99696-E12C-4ACB-854A-0CA8CE1E13FF}"
EndProject
Project("{FAE04EC0-301F-11D3-BF4B-00C04F79EFBC}") = "Concurrency.WPF", "Concurrency.WPF\Concurrency.WPF.csproj", "{185FDF25-4783-44D0-A607-9506F1E068D8}"
EndProject
Project("{2150E333-8FDC-42A3-9474-1A3956D46DE8}") = "Networking", "Networking", "{43714D29-E833-4CEA-870A-363D5F9B00B9}"
EndProject
Project("{2150E333-8FDC-42A3-9474-1A3956D46DE8}") = "TCP", "TCP", "{01560BA3-D302-4F60-B9CE-E3D2B69EB53D}"
EndProject
Project("{2150E333-8FDC-42A3-9474-1A3956D46DE8}") = "HTTP", "HTTP", "{F54CFE55-CFCE-4AE2-9A32-46AB36E25D18}"
EndProject
Project("{9A19103F-16F7-4668-BE54-9A1E7A4F7556}") = "HttpClientSample", "Networking\HTTP\HttpClientSamples\HttpClientSample.csproj", "{CC656F1B-E7BF-49F7-BFB9-1A78983E3F6C}"
EndProject
Project("{9A19103F-16F7-4668-BE54-9A1E7A4F7556}") = "Utilities", "Utilities\Utilities.csproj", "{E1CCF763-4937-4261-9780-ACE32477CFF3}"
EndProject
Project("{9A19103F-16F7-4668-BE54-9A1E7A4F7556}") = "TcpClientUsingTcpClient", "Networking\TCP\TcpClientUsingTcpClient\TcpClientUsingTcpClient.csproj", "{F672222D-8E00-47E3-88B5-8B60CD1B8A76}"
EndProject
Project("{9A19103F-16F7-4668-BE54-9A1E7A4F7556}") = "TcpServerUsingTcpListener", "Networking\TCP\TcpServerUsingTcpListener\TcpServerUsingTcpListener.csproj", "{4B9DFD0B-F0F6-4573-8D4F-04C393394B71}"
EndProject
Project("{9A19103F-16F7-4668-BE54-9A1E7A4F7556}") = "HttpClientUsingTcp", "Networking\TCP\HttpClientUsingTcp\HttpClientUsingTcp.csproj", "{7D628FCF-C23A-41D6-A927-30E4CF90E6FF}"
EndProject
Project("{2150E333-8FDC-42A3-9474-1A3956D46DE8}") = "UDP", "UDP", "{92C604CA-47E5-49DA-A3B4-703FD1E1EFC5}"
EndProject
Project("{9A19103F-16F7-4668-BE54-9A1E7A4F7556}") = "UdpReceiver", "Networking\UDP\UdpReceiver\UdpReceiver.csproj", "{9FDF5369-0F70-420E-AF63-399A347A0A0A}"
EndProject
Project("{9A19103F-16F7-4668-BE54-9A1E7A4F7556}") = "UdpSender", "Networking\UDP\UdpSender\UdpSender.csproj", "{C144DC5D-16D9-44E2-8255-6D2DC67606E2}"
EndProject
Project("{2150E333-8FDC-42A3-9474-1A3956D46DE8}") = "Socket", "Socket", "{4413E1D8-E048-4F0A-8411-A5C75E312F2D}"
EndProject
Project("{9A19103F-16F7-4668-BE54-9A1E7A4F7556}") = "SocketClient", "Networking\Sockets\SocketClient\SocketClient.csproj", "{8DE63CE8-939C-4F3E-BF01-A153359A0D69}"
EndProject
Project("{9A19103F-16F7-4668-BE54-9A1E7A4F7556}") = "SocketServer", "Networking\Sockets\SocketServer\SocketServer.csproj", "{C0A10A47-1F3A-4003-BCCF-42E62B019891}"
EndProject
Project("{9A19103F-16F7-4668-BE54-9A1E7A4F7556}") = "Concurrency", "Concurrency\Concurrency.csproj", "{02590A85-7D87-4E3B-BFC7-61EAAFDC5214}"
EndProject
Global
	GlobalSection(SolutionConfigurationPlatforms) = preSolution
		Debug|Any CPU = Debug|Any CPU
		Release|Any CPU = Release|Any CPU
	EndGlobalSection
	GlobalSection(ProjectConfigurationPlatforms) = postSolution
		{021418A5-C052-4017-8C41-B5031B3AAC57}.Debug|Any CPU.ActiveCfg = Debug|Any CPU
		{021418A5-C052-4017-8C41-B5031B3AAC57}.Debug|Any CPU.Build.0 = Debug|Any CPU
		{021418A5-C052-4017-8C41-B5031B3AAC57}.Release|Any CPU.ActiveCfg = Release|Any CPU
		{021418A5-C052-4017-8C41-B5031B3AAC57}.Release|Any CPU.Build.0 = Release|Any CPU
		{6C1E071E-4CD8-4BA1-8A3F-3861D00E84A1}.Debug|Any CPU.ActiveCfg = Debug|Any CPU
		{6C1E071E-4CD8-4BA1-8A3F-3861D00E84A1}.Debug|Any CPU.Build.0 = Debug|Any CPU
		{6C1E071E-4CD8-4BA1-8A3F-3861D00E84A1}.Release|Any CPU.ActiveCfg = Release|Any CPU
		{6C1E071E-4CD8-4BA1-8A3F-3861D00E84A1}.Release|Any CPU.Build.0 = Release|Any CPU
		{AF4B0B5C-E717-4A87-AC9A-FD894969B554}.Debug|Any CPU.ActiveCfg = Debug|Any CPU
		{AF4B0B5C-E717-4A87-AC9A-FD894969B554}.Debug|Any CPU.Build.0 = Debug|Any CPU
		{AF4B0B5C-E717-4A87-AC9A-FD894969B554}.Release|Any CPU.ActiveCfg = Release|Any CPU
		{AF4B0B5C-E717-4A87-AC9A-FD894969B554}.Release|Any CPU.Build.0 = Release|Any CPU
		{9432B102-550C-45AE-B2C8-A309B2A655EC}.Debug|Any CPU.ActiveCfg = Debug|Any CPU
		{9432B102-550C-45AE-B2C8-A309B2A655EC}.Debug|Any CPU.Build.0 = Debug|Any CPU
		{9432B102-550C-45AE-B2C8-A309B2A655EC}.Release|Any CPU.ActiveCfg = Release|Any CPU
		{9432B102-550C-45AE-B2C8-A309B2A655EC}.Release|Any CPU.Build.0 = Release|Any CPU
		{D714F734-38D3-4AD8-9451-32E1B7D1715E}.Debug|Any CPU.ActiveCfg = Debug|Any CPU
		{D714F734-38D3-4AD8-9451-32E1B7D1715E}.Debug|Any CPU.Build.0 = Debug|Any CPU
		{D714F734-38D3-4AD8-9451-32E1B7D1715E}.Release|Any CPU.ActiveCfg = Release|Any CPU
		{D714F734-38D3-4AD8-9451-32E1B7D1715E}.Release|Any CPU.Build.0 = Release|Any CPU
		{B9D34526-7D80-4EDE-A99B-294194D8554E}.Debug|Any CPU.ActiveCfg = Debug|Any CPU
		{B9D34526-7D80-4EDE-A99B-294194D8554E}.Debug|Any CPU.Build.0 = Debug|Any CPU
		{B9D34526-7D80-4EDE-A99B-294194D8554E}.Release|Any CPU.ActiveCfg = Release|Any CPU
		{B9D34526-7D80-4EDE-A99B-294194D8554E}.Release|Any CPU.Build.0 = Release|Any CPU
		{E0391131-40F4-4FA4-BE5F-5E9B61B6184E}.Debug|Any CPU.ActiveCfg = Debug|Any CPU
		{E0391131-40F4-4FA4-BE5F-5E9B61B6184E}.Debug|Any CPU.Build.0 = Debug|Any CPU
		{E0391131-40F4-4FA4-BE5F-5E9B61B6184E}.Release|Any CPU.ActiveCfg = Release|Any CPU
		{E0391131-40F4-4FA4-BE5F-5E9B61B6184E}.Release|Any CPU.Build.0 = Release|Any CPU
		{0C586118-8848-4EAF-B13A-C14D5EE0BA3A}.Debug|Any CPU.ActiveCfg = Debug|Any CPU
		{0C586118-8848-4EAF-B13A-C14D5EE0BA3A}.Debug|Any CPU.Build.0 = Debug|Any CPU
		{0C586118-8848-4EAF-B13A-C14D5EE0BA3A}.Release|Any CPU.ActiveCfg = Release|Any CPU
		{0C586118-8848-4EAF-B13A-C14D5EE0BA3A}.Release|Any CPU.Build.0 = Release|Any CPU
		{BB31F544-66FE-499F-9B47-41473BC7A3A9}.Debug|Any CPU.ActiveCfg = Debug|Any CPU
		{BB31F544-66FE-499F-9B47-41473BC7A3A9}.Debug|Any CPU.Build.0 = Debug|Any CPU
		{BB31F544-66FE-499F-9B47-41473BC7A3A9}.Release|Any CPU.ActiveCfg = Release|Any CPU
		{BB31F544-66FE-499F-9B47-41473BC7A3A9}.Release|Any CPU.Build.0 = Release|Any CPU
		{00C752A3-39DF-4134-9B9C-010CE3427FA7}.Debug|Any CPU.ActiveCfg = Debug|Any CPU
		{00C752A3-39DF-4134-9B9C-010CE3427FA7}.Debug|Any CPU.Build.0 = Debug|Any CPU
		{00C752A3-39DF-4134-9B9C-010CE3427FA7}.Release|Any CPU.ActiveCfg = Release|Any CPU
		{00C752A3-39DF-4134-9B9C-010CE3427FA7}.Release|Any CPU.Build.0 = Release|Any CPU
		{06BFB6B3-1691-4B5A-B78A-75EAD773B86F}.Debug|Any CPU.ActiveCfg = Debug|Any CPU
		{06BFB6B3-1691-4B5A-B78A-75EAD773B86F}.Debug|Any CPU.Build.0 = Debug|Any CPU
		{06BFB6B3-1691-4B5A-B78A-75EAD773B86F}.Release|Any CPU.ActiveCfg = Release|Any CPU
		{06BFB6B3-1691-4B5A-B78A-75EAD773B86F}.Release|Any CPU.Build.0 = Release|Any CPU
		{F334B1C0-40C5-440E-8F74-6A764FC62B65}.Debug|Any CPU.ActiveCfg = Debug|Any CPU
		{F334B1C0-40C5-440E-8F74-6A764FC62B65}.Debug|Any CPU.Build.0 = Debug|Any CPU
		{F334B1C0-40C5-440E-8F74-6A764FC62B65}.Release|Any CPU.ActiveCfg = Release|Any CPU
		{F334B1C0-40C5-440E-8F74-6A764FC62B65}.Release|Any CPU.Build.0 = Release|Any CPU
		{AC7704DD-4E2C-409C-BD11-11898BB93F3E}.Debug|Any CPU.ActiveCfg = Debug|Any CPU
		{AC7704DD-4E2C-409C-BD11-11898BB93F3E}.Debug|Any CPU.Build.0 = Debug|Any CPU
		{AC7704DD-4E2C-409C-BD11-11898BB93F3E}.Release|Any CPU.ActiveCfg = Release|Any CPU
		{AC7704DD-4E2C-409C-BD11-11898BB93F3E}.Release|Any CPU.Build.0 = Release|Any CPU
		{C3BB501E-CD1F-4A43-83F7-24B1EAD79374}.Debug|Any CPU.ActiveCfg = Debug|Any CPU
		{C3BB501E-CD1F-4A43-83F7-24B1EAD79374}.Debug|Any CPU.Build.0 = Debug|Any CPU
		{C3BB501E-CD1F-4A43-83F7-24B1EAD79374}.Release|Any CPU.ActiveCfg = Release|Any CPU
		{C3BB501E-CD1F-4A43-83F7-24B1EAD79374}.Release|Any CPU.Build.0 = Release|Any CPU
		{B9BC9154-8538-41DD-AAA2-DCC73C930D0E}.Debug|Any CPU.ActiveCfg = Debug|Any CPU
		{B9BC9154-8538-41DD-AAA2-DCC73C930D0E}.Debug|Any CPU.Build.0 = Debug|Any CPU
		{B9BC9154-8538-41DD-AAA2-DCC73C930D0E}.Release|Any CPU.ActiveCfg = Release|Any CPU
		{B9BC9154-8538-41DD-AAA2-DCC73C930D0E}.Release|Any CPU.Build.0 = Release|Any CPU
		{22F053F3-B2EC-4903-9834-DB1C56C104D3}.Debug|Any CPU.ActiveCfg = Debug|Any CPU
		{22F053F3-B2EC-4903-9834-DB1C56C104D3}.Debug|Any CPU.Build.0 = Debug|Any CPU
		{22F053F3-B2EC-4903-9834-DB1C56C104D3}.Release|Any CPU.ActiveCfg = Release|Any CPU
		{22F053F3-B2EC-4903-9834-DB1C56C104D3}.Release|Any CPU.Build.0 = Release|Any CPU
		{208AC886-CD81-4016-BCEF-A4C065657982}.Debug|Any CPU.ActiveCfg = Debug|Any CPU
		{208AC886-CD81-4016-BCEF-A4C065657982}.Debug|Any CPU.Build.0 = Debug|Any CPU
		{208AC886-CD81-4016-BCEF-A4C065657982}.Release|Any CPU.ActiveCfg = Release|Any CPU
		{208AC886-CD81-4016-BCEF-A4C065657982}.Release|Any CPU.Build.0 = Release|Any CPU
		{620284B5-A14B-4DA1-84A9-EE9C73786A69}.Debug|Any CPU.ActiveCfg = Debug|Any CPU
		{620284B5-A14B-4DA1-84A9-EE9C73786A69}.Debug|Any CPU.Build.0 = Debug|Any CPU
		{620284B5-A14B-4DA1-84A9-EE9C73786A69}.Release|Any CPU.ActiveCfg = Release|Any CPU
		{620284B5-A14B-4DA1-84A9-EE9C73786A69}.Release|Any CPU.Build.0 = Release|Any CPU
		{B4B50A66-1BA9-43EC-8637-30DB7B166607}.Debug|Any CPU.ActiveCfg = Debug|Any CPU
		{B4B50A66-1BA9-43EC-8637-30DB7B166607}.Debug|Any CPU.Build.0 = Debug|Any CPU
		{B4B50A66-1BA9-43EC-8637-30DB7B166607}.Release|Any CPU.ActiveCfg = Release|Any CPU
		{B4B50A66-1BA9-43EC-8637-30DB7B166607}.Release|Any CPU.Build.0 = Release|Any CPU
		{00D7F12D-9CED-4F36-A72B-4B6BCB931373}.Debug|Any CPU.ActiveCfg = Debug|Any CPU
		{00D7F12D-9CED-4F36-A72B-4B6BCB931373}.Debug|Any CPU.Build.0 = Debug|Any CPU
		{00D7F12D-9CED-4F36-A72B-4B6BCB931373}.Release|Any CPU.ActiveCfg = Release|Any CPU
		{00D7F12D-9CED-4F36-A72B-4B6BCB931373}.Release|Any CPU.Build.0 = Release|Any CPU
		{C659EA2B-20D9-40FB-82A1-2A0F36729358}.Debug|Any CPU.ActiveCfg = Debug|Any CPU
		{C659EA2B-20D9-40FB-82A1-2A0F36729358}.Debug|Any CPU.Build.0 = Debug|Any CPU
		{C659EA2B-20D9-40FB-82A1-2A0F36729358}.Release|Any CPU.ActiveCfg = Release|Any CPU
		{C659EA2B-20D9-40FB-82A1-2A0F36729358}.Release|Any CPU.Build.0 = Release|Any CPU
		{A7182B8B-5F7F-44A8-B716-504861F64E8E}.Debug|Any CPU.ActiveCfg = Debug|Any CPU
		{A7182B8B-5F7F-44A8-B716-504861F64E8E}.Debug|Any CPU.Build.0 = Debug|Any CPU
		{A7182B8B-5F7F-44A8-B716-504861F64E8E}.Release|Any CPU.ActiveCfg = Release|Any CPU
		{A7182B8B-5F7F-44A8-B716-504861F64E8E}.Release|Any CPU.Build.0 = Release|Any CPU
		{154D256D-F3C6-44D5-AB49-B9AEC687EA8E}.Debug|Any CPU.ActiveCfg = Debug|Any CPU
		{154D256D-F3C6-44D5-AB49-B9AEC687EA8E}.Debug|Any CPU.Build.0 = Debug|Any CPU
		{154D256D-F3C6-44D5-AB49-B9AEC687EA8E}.Release|Any CPU.ActiveCfg = Release|Any CPU
		{154D256D-F3C6-44D5-AB49-B9AEC687EA8E}.Release|Any CPU.Build.0 = Release|Any CPU
		{15F7CBEB-0C69-405E-8F57-C7AEABE18EEC}.Debug|Any CPU.ActiveCfg = Debug|Any CPU
		{15F7CBEB-0C69-405E-8F57-C7AEABE18EEC}.Debug|Any CPU.Build.0 = Debug|Any CPU
		{15F7CBEB-0C69-405E-8F57-C7AEABE18EEC}.Release|Any CPU.ActiveCfg = Release|Any CPU
		{15F7CBEB-0C69-405E-8F57-C7AEABE18EEC}.Release|Any CPU.Build.0 = Release|Any CPU
		{838FD200-E94D-41E5-BCB0-A3448DBE96D3}.Debug|Any CPU.ActiveCfg = Debug|Any CPU
		{838FD200-E94D-41E5-BCB0-A3448DBE96D3}.Debug|Any CPU.Build.0 = Debug|Any CPU
		{838FD200-E94D-41E5-BCB0-A3448DBE96D3}.Release|Any CPU.ActiveCfg = Release|Any CPU
		{838FD200-E94D-41E5-BCB0-A3448DBE96D3}.Release|Any CPU.Build.0 = Release|Any CPU
		{137A139D-2D74-49E3-B720-E699712A7138}.Debug|Any CPU.ActiveCfg = Debug|Any CPU
		{137A139D-2D74-49E3-B720-E699712A7138}.Debug|Any CPU.Build.0 = Debug|Any CPU
		{137A139D-2D74-49E3-B720-E699712A7138}.Release|Any CPU.ActiveCfg = Release|Any CPU
		{137A139D-2D74-49E3-B720-E699712A7138}.Release|Any CPU.Build.0 = Release|Any CPU
		{B70AA676-E805-4B0C-83E7-E7CE8C86B52A}.Debug|Any CPU.ActiveCfg = Debug|Any CPU
		{B70AA676-E805-4B0C-83E7-E7CE8C86B52A}.Debug|Any CPU.Build.0 = Debug|Any CPU
		{B70AA676-E805-4B0C-83E7-E7CE8C86B52A}.Release|Any CPU.ActiveCfg = Release|Any CPU
		{B70AA676-E805-4B0C-83E7-E7CE8C86B52A}.Release|Any CPU.Build.0 = Release|Any CPU
		{27A7A44F-F7C6-4001-8179-9EFC1505731F}.Debug|Any CPU.ActiveCfg = Debug|Any CPU
		{27A7A44F-F7C6-4001-8179-9EFC1505731F}.Debug|Any CPU.Build.0 = Debug|Any CPU
		{27A7A44F-F7C6-4001-8179-9EFC1505731F}.Release|Any CPU.ActiveCfg = Release|Any CPU
		{27A7A44F-F7C6-4001-8179-9EFC1505731F}.Release|Any CPU.Build.0 = Release|Any CPU
		{08C13D2C-435C-4835-B371-EF3BCF3CC671}.Debug|Any CPU.ActiveCfg = Debug|Any CPU
		{08C13D2C-435C-4835-B371-EF3BCF3CC671}.Debug|Any CPU.Build.0 = Debug|Any CPU
		{08C13D2C-435C-4835-B371-EF3BCF3CC671}.Release|Any CPU.ActiveCfg = Release|Any CPU
		{08C13D2C-435C-4835-B371-EF3BCF3CC671}.Release|Any CPU.Build.0 = Release|Any CPU
		{758F947E-0582-49B1-9399-E7E17F9233FE}.Debug|Any CPU.ActiveCfg = Debug|Any CPU
		{758F947E-0582-49B1-9399-E7E17F9233FE}.Debug|Any CPU.Build.0 = Debug|Any CPU
		{758F947E-0582-49B1-9399-E7E17F9233FE}.Release|Any CPU.ActiveCfg = Release|Any CPU
		{758F947E-0582-49B1-9399-E7E17F9233FE}.Release|Any CPU.Build.0 = Release|Any CPU
		{F34AEF3A-74B1-4746-AE2A-4ED19ED85274}.Debug|Any CPU.ActiveCfg = Debug|Any CPU
		{F34AEF3A-74B1-4746-AE2A-4ED19ED85274}.Debug|Any CPU.Build.0 = Debug|Any CPU
		{F34AEF3A-74B1-4746-AE2A-4ED19ED85274}.Release|Any CPU.ActiveCfg = Release|Any CPU
		{F34AEF3A-74B1-4746-AE2A-4ED19ED85274}.Release|Any CPU.Build.0 = Release|Any CPU
		{9C45697B-89A5-496A-8799-29F50AA8AA90}.Debug|Any CPU.ActiveCfg = Debug|Any CPU
		{9C45697B-89A5-496A-8799-29F50AA8AA90}.Debug|Any CPU.Build.0 = Debug|Any CPU
		{9C45697B-89A5-496A-8799-29F50AA8AA90}.Release|Any CPU.ActiveCfg = Release|Any CPU
		{9C45697B-89A5-496A-8799-29F50AA8AA90}.Release|Any CPU.Build.0 = Release|Any CPU
		{C24A0914-4511-4FEE-B16B-D55BED6D804F}.Debug|Any CPU.ActiveCfg = Debug|Any CPU
		{C24A0914-4511-4FEE-B16B-D55BED6D804F}.Debug|Any CPU.Build.0 = Debug|Any CPU
		{C24A0914-4511-4FEE-B16B-D55BED6D804F}.Release|Any CPU.ActiveCfg = Release|Any CPU
		{C24A0914-4511-4FEE-B16B-D55BED6D804F}.Release|Any CPU.Build.0 = Release|Any CPU
		{DE064CD2-7178-4CC1-B515-06EBB06B5545}.Debug|Any CPU.ActiveCfg = Debug|Any CPU
		{DE064CD2-7178-4CC1-B515-06EBB06B5545}.Debug|Any CPU.Build.0 = Debug|Any CPU
		{DE064CD2-7178-4CC1-B515-06EBB06B5545}.Release|Any CPU.ActiveCfg = Release|Any CPU
		{DE064CD2-7178-4CC1-B515-06EBB06B5545}.Release|Any CPU.Build.0 = Release|Any CPU
		{1D69348D-E4B6-45AD-86C0-669A100F20EA}.Debug|Any CPU.ActiveCfg = Debug|Any CPU
		{1D69348D-E4B6-45AD-86C0-669A100F20EA}.Debug|Any CPU.Build.0 = Debug|Any CPU
		{1D69348D-E4B6-45AD-86C0-669A100F20EA}.Release|Any CPU.ActiveCfg = Release|Any CPU
		{1D69348D-E4B6-45AD-86C0-669A100F20EA}.Release|Any CPU.Build.0 = Release|Any CPU
		{693B16F7-1B13-4DC9-9524-A57C38125E24}.Debug|Any CPU.ActiveCfg = Debug|Any CPU
		{693B16F7-1B13-4DC9-9524-A57C38125E24}.Debug|Any CPU.Build.0 = Debug|Any CPU
		{693B16F7-1B13-4DC9-9524-A57C38125E24}.Release|Any CPU.ActiveCfg = Release|Any CPU
		{693B16F7-1B13-4DC9-9524-A57C38125E24}.Release|Any CPU.Build.0 = Release|Any CPU
		{E23BD462-72C9-4C9A-AFDB-643C749194ED}.Debug|Any CPU.ActiveCfg = Debug|Any CPU
		{E23BD462-72C9-4C9A-AFDB-643C749194ED}.Debug|Any CPU.Build.0 = Debug|Any CPU
		{E23BD462-72C9-4C9A-AFDB-643C749194ED}.Release|Any CPU.ActiveCfg = Release|Any CPU
		{E23BD462-72C9-4C9A-AFDB-643C749194ED}.Release|Any CPU.Build.0 = Release|Any CPU
		{57F7243C-24E0-4C3A-BFE9-DFF266CC80A8}.Debug|Any CPU.ActiveCfg = Debug|Any CPU
		{57F7243C-24E0-4C3A-BFE9-DFF266CC80A8}.Debug|Any CPU.Build.0 = Debug|Any CPU
		{57F7243C-24E0-4C3A-BFE9-DFF266CC80A8}.Release|Any CPU.ActiveCfg = Release|Any CPU
		{57F7243C-24E0-4C3A-BFE9-DFF266CC80A8}.Release|Any CPU.Build.0 = Release|Any CPU
		{FE107EB8-EC86-4D49-BF91-DE81960F3018}.Debug|Any CPU.ActiveCfg = Debug|Any CPU
		{FE107EB8-EC86-4D49-BF91-DE81960F3018}.Debug|Any CPU.Build.0 = Debug|Any CPU
		{FE107EB8-EC86-4D49-BF91-DE81960F3018}.Release|Any CPU.ActiveCfg = Release|Any CPU
		{FE107EB8-EC86-4D49-BF91-DE81960F3018}.Release|Any CPU.Build.0 = Release|Any CPU
		{ACDA1D49-0B15-4A2E-8A5F-511E45BA4422}.Debug|Any CPU.ActiveCfg = Debug|Any CPU
		{ACDA1D49-0B15-4A2E-8A5F-511E45BA4422}.Debug|Any CPU.Build.0 = Debug|Any CPU
		{ACDA1D49-0B15-4A2E-8A5F-511E45BA4422}.Release|Any CPU.ActiveCfg = Release|Any CPU
		{ACDA1D49-0B15-4A2E-8A5F-511E45BA4422}.Release|Any CPU.Build.0 = Release|Any CPU
		{1DC16F14-5E58-4D26-8E39-33DFD9C429DB}.Debug|Any CPU.ActiveCfg = Debug|Any CPU
		{1DC16F14-5E58-4D26-8E39-33DFD9C429DB}.Debug|Any CPU.Build.0 = Debug|Any CPU
		{1DC16F14-5E58-4D26-8E39-33DFD9C429DB}.Release|Any CPU.ActiveCfg = Release|Any CPU
		{1DC16F14-5E58-4D26-8E39-33DFD9C429DB}.Release|Any CPU.Build.0 = Release|Any CPU
		{77142CCA-B743-4899-A44C-24C0E9C1C94D}.Debug|Any CPU.ActiveCfg = Debug|Any CPU
		{77142CCA-B743-4899-A44C-24C0E9C1C94D}.Debug|Any CPU.Build.0 = Debug|Any CPU
		{77142CCA-B743-4899-A44C-24C0E9C1C94D}.Release|Any CPU.ActiveCfg = Release|Any CPU
		{77142CCA-B743-4899-A44C-24C0E9C1C94D}.Release|Any CPU.Build.0 = Release|Any CPU
		{F5577987-6840-4058-A130-CD32CF4865BC}.Debug|Any CPU.ActiveCfg = Debug|Any CPU
		{F5577987-6840-4058-A130-CD32CF4865BC}.Debug|Any CPU.Build.0 = Debug|Any CPU
		{F5577987-6840-4058-A130-CD32CF4865BC}.Release|Any CPU.ActiveCfg = Release|Any CPU
		{F5577987-6840-4058-A130-CD32CF4865BC}.Release|Any CPU.Build.0 = Release|Any CPU
		{5335B0DA-EF1C-46CE-9794-4D89CB2F8677}.Debug|Any CPU.ActiveCfg = Debug|Any CPU
		{5335B0DA-EF1C-46CE-9794-4D89CB2F8677}.Debug|Any CPU.Build.0 = Debug|Any CPU
		{5335B0DA-EF1C-46CE-9794-4D89CB2F8677}.Release|Any CPU.ActiveCfg = Release|Any CPU
		{5335B0DA-EF1C-46CE-9794-4D89CB2F8677}.Release|Any CPU.Build.0 = Release|Any CPU
		{1960122E-5062-404B-B4E6-2D0BC453DA8E}.Debug|Any CPU.ActiveCfg = Debug|Any CPU
		{1960122E-5062-404B-B4E6-2D0BC453DA8E}.Debug|Any CPU.Build.0 = Debug|Any CPU
		{1960122E-5062-404B-B4E6-2D0BC453DA8E}.Release|Any CPU.ActiveCfg = Release|Any CPU
		{1960122E-5062-404B-B4E6-2D0BC453DA8E}.Release|Any CPU.Build.0 = Release|Any CPU
		{7DE84B41-FB6B-47DF-872C-50FDD37BF54B}.Debug|Any CPU.ActiveCfg = Debug|Any CPU
		{7DE84B41-FB6B-47DF-872C-50FDD37BF54B}.Debug|Any CPU.Build.0 = Debug|Any CPU
		{7DE84B41-FB6B-47DF-872C-50FDD37BF54B}.Release|Any CPU.ActiveCfg = Release|Any CPU
		{7DE84B41-FB6B-47DF-872C-50FDD37BF54B}.Release|Any CPU.Build.0 = Release|Any CPU
		{6C6B36D9-7C80-4D13-B19A-9E4518089B9E}.Debug|Any CPU.ActiveCfg = Debug|Any CPU
		{6C6B36D9-7C80-4D13-B19A-9E4518089B9E}.Debug|Any CPU.Build.0 = Debug|Any CPU
		{6C6B36D9-7C80-4D13-B19A-9E4518089B9E}.Release|Any CPU.ActiveCfg = Release|Any CPU
		{6C6B36D9-7C80-4D13-B19A-9E4518089B9E}.Release|Any CPU.Build.0 = Release|Any CPU
		{7ED99696-E12C-4ACB-854A-0CA8CE1E13FF}.Debug|Any CPU.ActiveCfg = Debug|Any CPU
		{7ED99696-E12C-4ACB-854A-0CA8CE1E13FF}.Debug|Any CPU.Build.0 = Debug|Any CPU
		{7ED99696-E12C-4ACB-854A-0CA8CE1E13FF}.Release|Any CPU.ActiveCfg = Release|Any CPU
		{7ED99696-E12C-4ACB-854A-0CA8CE1E13FF}.Release|Any CPU.Build.0 = Release|Any CPU
		{185FDF25-4783-44D0-A607-9506F1E068D8}.Debug|Any CPU.ActiveCfg = Debug|Any CPU
		{185FDF25-4783-44D0-A607-9506F1E068D8}.Debug|Any CPU.Build.0 = Debug|Any CPU
		{185FDF25-4783-44D0-A607-9506F1E068D8}.Release|Any CPU.ActiveCfg = Release|Any CPU
		{185FDF25-4783-44D0-A607-9506F1E068D8}.Release|Any CPU.Build.0 = Release|Any CPU
		{CC656F1B-E7BF-49F7-BFB9-1A78983E3F6C}.Debug|Any CPU.ActiveCfg = Debug|Any CPU
		{CC656F1B-E7BF-49F7-BFB9-1A78983E3F6C}.Debug|Any CPU.Build.0 = Debug|Any CPU
		{CC656F1B-E7BF-49F7-BFB9-1A78983E3F6C}.Release|Any CPU.ActiveCfg = Release|Any CPU
		{CC656F1B-E7BF-49F7-BFB9-1A78983E3F6C}.Release|Any CPU.Build.0 = Release|Any CPU
		{E1CCF763-4937-4261-9780-ACE32477CFF3}.Debug|Any CPU.ActiveCfg = Debug|Any CPU
		{E1CCF763-4937-4261-9780-ACE32477CFF3}.Debug|Any CPU.Build.0 = Debug|Any CPU
		{E1CCF763-4937-4261-9780-ACE32477CFF3}.Release|Any CPU.ActiveCfg = Release|Any CPU
		{E1CCF763-4937-4261-9780-ACE32477CFF3}.Release|Any CPU.Build.0 = Release|Any CPU
		{F672222D-8E00-47E3-88B5-8B60CD1B8A76}.Debug|Any CPU.ActiveCfg = Debug|Any CPU
		{F672222D-8E00-47E3-88B5-8B60CD1B8A76}.Debug|Any CPU.Build.0 = Debug|Any CPU
		{F672222D-8E00-47E3-88B5-8B60CD1B8A76}.Release|Any CPU.ActiveCfg = Release|Any CPU
		{F672222D-8E00-47E3-88B5-8B60CD1B8A76}.Release|Any CPU.Build.0 = Release|Any CPU
		{4B9DFD0B-F0F6-4573-8D4F-04C393394B71}.Debug|Any CPU.ActiveCfg = Debug|Any CPU
		{4B9DFD0B-F0F6-4573-8D4F-04C393394B71}.Debug|Any CPU.Build.0 = Debug|Any CPU
		{4B9DFD0B-F0F6-4573-8D4F-04C393394B71}.Release|Any CPU.ActiveCfg = Release|Any CPU
		{4B9DFD0B-F0F6-4573-8D4F-04C393394B71}.Release|Any CPU.Build.0 = Release|Any CPU
		{7D628FCF-C23A-41D6-A927-30E4CF90E6FF}.Debug|Any CPU.ActiveCfg = Debug|Any CPU
		{7D628FCF-C23A-41D6-A927-30E4CF90E6FF}.Debug|Any CPU.Build.0 = Debug|Any CPU
		{7D628FCF-C23A-41D6-A927-30E4CF90E6FF}.Release|Any CPU.ActiveCfg = Release|Any CPU
		{7D628FCF-C23A-41D6-A927-30E4CF90E6FF}.Release|Any CPU.Build.0 = Release|Any CPU
		{9FDF5369-0F70-420E-AF63-399A347A0A0A}.Debug|Any CPU.ActiveCfg = Debug|Any CPU
		{9FDF5369-0F70-420E-AF63-399A347A0A0A}.Debug|Any CPU.Build.0 = Debug|Any CPU
		{9FDF5369-0F70-420E-AF63-399A347A0A0A}.Release|Any CPU.ActiveCfg = Release|Any CPU
		{9FDF5369-0F70-420E-AF63-399A347A0A0A}.Release|Any CPU.Build.0 = Release|Any CPU
		{C144DC5D-16D9-44E2-8255-6D2DC67606E2}.Debug|Any CPU.ActiveCfg = Debug|Any CPU
		{C144DC5D-16D9-44E2-8255-6D2DC67606E2}.Debug|Any CPU.Build.0 = Debug|Any CPU
		{C144DC5D-16D9-44E2-8255-6D2DC67606E2}.Release|Any CPU.ActiveCfg = Release|Any CPU
		{C144DC5D-16D9-44E2-8255-6D2DC67606E2}.Release|Any CPU.Build.0 = Release|Any CPU
		{8DE63CE8-939C-4F3E-BF01-A153359A0D69}.Debug|Any CPU.ActiveCfg = Debug|Any CPU
		{8DE63CE8-939C-4F3E-BF01-A153359A0D69}.Debug|Any CPU.Build.0 = Debug|Any CPU
		{8DE63CE8-939C-4F3E-BF01-A153359A0D69}.Release|Any CPU.ActiveCfg = Release|Any CPU
		{8DE63CE8-939C-4F3E-BF01-A153359A0D69}.Release|Any CPU.Build.0 = Release|Any CPU
		{C0A10A47-1F3A-4003-BCCF-42E62B019891}.Debug|Any CPU.ActiveCfg = Debug|Any CPU
		{C0A10A47-1F3A-4003-BCCF-42E62B019891}.Debug|Any CPU.Build.0 = Debug|Any CPU
		{C0A10A47-1F3A-4003-BCCF-42E62B019891}.Release|Any CPU.ActiveCfg = Release|Any CPU
		{C0A10A47-1F3A-4003-BCCF-42E62B019891}.Release|Any CPU.Build.0 = Release|Any CPU
		{02590A85-7D87-4E3B-BFC7-61EAAFDC5214}.Debug|Any CPU.ActiveCfg = Debug|Any CPU
		{02590A85-7D87-4E3B-BFC7-61EAAFDC5214}.Debug|Any CPU.Build.0 = Debug|Any CPU
		{02590A85-7D87-4E3B-BFC7-61EAAFDC5214}.Release|Any CPU.ActiveCfg = Release|Any CPU
		{02590A85-7D87-4E3B-BFC7-61EAAFDC5214}.Release|Any CPU.Build.0 = Release|Any CPU
	EndGlobalSection
	GlobalSection(SolutionProperties) = preSolution
		HideSolutionNode = FALSE
	EndGlobalSection
	GlobalSection(NestedProjects) = preSolution
		{021418A5-C052-4017-8C41-B5031B3AAC57} = {82ED8F70-866E-4BBD-AB78-FA9F68769FF9}
		{6C1E071E-4CD8-4BA1-8A3F-3861D00E84A1} = {F52DE3FD-BFEC-41FC-A5AA-E8EF2A7F7B4C}
		{AF4B0B5C-E717-4A87-AC9A-FD894969B554} = {16D0C456-A4E1-4D9A-8390-39E6658B3C5B}
		{9432B102-550C-45AE-B2C8-A309B2A655EC} = {16D0C456-A4E1-4D9A-8390-39E6658B3C5B}
		{D714F734-38D3-4AD8-9451-32E1B7D1715E} = {16D0C456-A4E1-4D9A-8390-39E6658B3C5B}
		{B9D34526-7D80-4EDE-A99B-294194D8554E} = {16D0C456-A4E1-4D9A-8390-39E6658B3C5B}
		{E0391131-40F4-4FA4-BE5F-5E9B61B6184E} = {16D0C456-A4E1-4D9A-8390-39E6658B3C5B}
		{0C586118-8848-4EAF-B13A-C14D5EE0BA3A} = {539A7260-DF0F-4A63-9CFF-B27E81E9FDE4}
		{BB31F544-66FE-499F-9B47-41473BC7A3A9} = {92356EC1-F528-49D1-9970-3D6F85CF3123}
		{00C752A3-39DF-4134-9B9C-010CE3427FA7} = {539A7260-DF0F-4A63-9CFF-B27E81E9FDE4}
		{06BFB6B3-1691-4B5A-B78A-75EAD773B86F} = {FD2F5436-34EC-4FCF-812D-F1A3859AE105}
		{F334B1C0-40C5-440E-8F74-6A764FC62B65} = {16D0C456-A4E1-4D9A-8390-39E6658B3C5B}
		{AC7704DD-4E2C-409C-BD11-11898BB93F3E} = {16D0C456-A4E1-4D9A-8390-39E6658B3C5B}
		{C3BB501E-CD1F-4A43-83F7-24B1EAD79374} = {16D0C456-A4E1-4D9A-8390-39E6658B3C5B}
		{B9BC9154-8538-41DD-AAA2-DCC73C930D0E} = {16D0C456-A4E1-4D9A-8390-39E6658B3C5B}
		{22F053F3-B2EC-4903-9834-DB1C56C104D3} = {16D0C456-A4E1-4D9A-8390-39E6658B3C5B}
		{208AC886-CD81-4016-BCEF-A4C065657982} = {16D0C456-A4E1-4D9A-8390-39E6658B3C5B}
		{620284B5-A14B-4DA1-84A9-EE9C73786A69} = {16D0C456-A4E1-4D9A-8390-39E6658B3C5B}
		{B4B50A66-1BA9-43EC-8637-30DB7B166607} = {16D0C456-A4E1-4D9A-8390-39E6658B3C5B}
		{00D7F12D-9CED-4F36-A72B-4B6BCB931373} = {16D0C456-A4E1-4D9A-8390-39E6658B3C5B}
		{C659EA2B-20D9-40FB-82A1-2A0F36729358} = {59F30933-B6E1-4AD8-A360-EA739BDB4243}
		{A7182B8B-5F7F-44A8-B716-504861F64E8E} = {72BAC272-1A57-434C-B21E-5F48059EB4FA}
		{154D256D-F3C6-44D5-AB49-B9AEC687EA8E} = {72BAC272-1A57-434C-B21E-5F48059EB4FA}
		{15F7CBEB-0C69-405E-8F57-C7AEABE18EEC} = {72BAC272-1A57-434C-B21E-5F48059EB4FA}
		{838FD200-E94D-41E5-BCB0-A3448DBE96D3} = {72BAC272-1A57-434C-B21E-5F48059EB4FA}
		{137A139D-2D74-49E3-B720-E699712A7138} = {72BAC272-1A57-434C-B21E-5F48059EB4FA}
		{B70AA676-E805-4B0C-83E7-E7CE8C86B52A} = {72BAC272-1A57-434C-B21E-5F48059EB4FA}
		{27A7A44F-F7C6-4001-8179-9EFC1505731F} = {72BAC272-1A57-434C-B21E-5F48059EB4FA}
		{08C13D2C-435C-4835-B371-EF3BCF3CC671} = {72BAC272-1A57-434C-B21E-5F48059EB4FA}
		{758F947E-0582-49B1-9399-E7E17F9233FE} = {72BAC272-1A57-434C-B21E-5F48059EB4FA}
		{F34AEF3A-74B1-4746-AE2A-4ED19ED85274} = {72BAC272-1A57-434C-B21E-5F48059EB4FA}
		{9C45697B-89A5-496A-8799-29F50AA8AA90} = {191C4CD9-0E37-485C-84B8-35B9C6197B31}
		{C24A0914-4511-4FEE-B16B-D55BED6D804F} = {191C4CD9-0E37-485C-84B8-35B9C6197B31}
		{DE064CD2-7178-4CC1-B515-06EBB06B5545} = {191C4CD9-0E37-485C-84B8-35B9C6197B31}
		{1D69348D-E4B6-45AD-86C0-669A100F20EA} = {191C4CD9-0E37-485C-84B8-35B9C6197B31}
		{693B16F7-1B13-4DC9-9524-A57C38125E24} = {191C4CD9-0E37-485C-84B8-35B9C6197B31}
		{E23BD462-72C9-4C9A-AFDB-643C749194ED} = {191C4CD9-0E37-485C-84B8-35B9C6197B31}
		{57F7243C-24E0-4C3A-BFE9-DFF266CC80A8} = {191C4CD9-0E37-485C-84B8-35B9C6197B31}
		{FE107EB8-EC86-4D49-BF91-DE81960F3018} = {56D4DCDF-7A04-4C46-912C-7AD14EFE7CF7}
		{ACDA1D49-0B15-4A2E-8A5F-511E45BA4422} = {56D4DCDF-7A04-4C46-912C-7AD14EFE7CF7}
		{1DC16F14-5E58-4D26-8E39-33DFD9C429DB} = {56D4DCDF-7A04-4C46-912C-7AD14EFE7CF7}
		{77142CCA-B743-4899-A44C-24C0E9C1C94D} = {539A7260-DF0F-4A63-9CFF-B27E81E9FDE4}
		{F5577987-6840-4058-A130-CD32CF4865BC} = {56D4DCDF-7A04-4C46-912C-7AD14EFE7CF7}
		{5335B0DA-EF1C-46CE-9794-4D89CB2F8677} = {56D4DCDF-7A04-4C46-912C-7AD14EFE7CF7}
		{1960122E-5062-404B-B4E6-2D0BC453DA8E} = {82ED8F70-866E-4BBD-AB78-FA9F68769FF9}
		{7DE84B41-FB6B-47DF-872C-50FDD37BF54B} = {82ED8F70-866E-4BBD-AB78-FA9F68769FF9}
		{6C6B36D9-7C80-4D13-B19A-9E4518089B9E} = {82ED8F70-866E-4BBD-AB78-FA9F68769FF9}
		{7ED99696-E12C-4ACB-854A-0CA8CE1E13FF} = {82ED8F70-866E-4BBD-AB78-FA9F68769FF9}
		{01560BA3-D302-4F60-B9CE-E3D2B69EB53D} = {43714D29-E833-4CEA-870A-363D5F9B00B9}
		{F54CFE55-CFCE-4AE2-9A32-46AB36E25D18} = {43714D29-E833-4CEA-870A-363D5F9B00B9}
		{CC656F1B-E7BF-49F7-BFB9-1A78983E3F6C} = {F54CFE55-CFCE-4AE2-9A32-46AB36E25D18}
		{F672222D-8E00-47E3-88B5-8B60CD1B8A76} = {01560BA3-D302-4F60-B9CE-E3D2B69EB53D}
		{4B9DFD0B-F0F6-4573-8D4F-04C393394B71} = {01560BA3-D302-4F60-B9CE-E3D2B69EB53D}
		{7D628FCF-C23A-41D6-A927-30E4CF90E6FF} = {01560BA3-D302-4F60-B9CE-E3D2B69EB53D}
		{92C604CA-47E5-49DA-A3B4-703FD1E1EFC5} = {43714D29-E833-4CEA-870A-363D5F9B00B9}
		{9FDF5369-0F70-420E-AF63-399A347A0A0A} = {92C604CA-47E5-49DA-A3B4-703FD1E1EFC5}
		{C144DC5D-16D9-44E2-8255-6D2DC67606E2} = {92C604CA-47E5-49DA-A3B4-703FD1E1EFC5}
		{4413E1D8-E048-4F0A-8411-A5C75E312F2D} = {43714D29-E833-4CEA-870A-363D5F9B00B9}
		{8DE63CE8-939C-4F3E-BF01-A153359A0D69} = {4413E1D8-E048-4F0A-8411-A5C75E312F2D}
		{C0A10A47-1F3A-4003-BCCF-42E62B019891} = {4413E1D8-E048-4F0A-8411-A5C75E312F2D}
	EndGlobalSection
	GlobalSection(ExtensibilityGlobals) = postSolution
		SolutionGuid = {734B896E-A255-44C6-9C41-B08F465349BA}
	EndGlobalSection
EndGlobal
